// !$*UTF8*$!
{
	archiveVersion = 1;
	classes = {
	};
	objectVersion = 50;
	objects = {

/* Begin PBXBuildFile section */
		870A0083215AD5D700F7FF70 /* AppDelegate.swift in Sources */ = {isa = PBXBuildFile; fileRef = 870A0082215AD5D700F7FF70 /* AppDelegate.swift */; };
		870A0088215AD5D700F7FF70 /* Main.storyboard in Resources */ = {isa = PBXBuildFile; fileRef = 870A0086215AD5D700F7FF70 /* Main.storyboard */; };
		870A008A215AD5D800F7FF70 /* Assets.xcassets in Resources */ = {isa = PBXBuildFile; fileRef = 870A0089215AD5D800F7FF70 /* Assets.xcassets */; };
		870A008D215AD5D800F7FF70 /* LaunchScreen.storyboard in Resources */ = {isa = PBXBuildFile; fileRef = 870A008B215AD5D800F7FF70 /* LaunchScreen.storyboard */; };
		870A0097215AD5EB00F7FF70 /* CloudKit.framework in Frameworks */ = {isa = PBXBuildFile; fileRef = 870A0096215AD5EB00F7FF70 /* CloudKit.framework */; };
		870A009B215ADA2D00F7FF70 /* PostListTableViewController.swift in Sources */ = {isa = PBXBuildFile; fileRef = 870A009A215ADA2D00F7FF70 /* PostListTableViewController.swift */; };
		870A009D215ADA6600F7FF70 /* PostDetailTableViewController.swift in Sources */ = {isa = PBXBuildFile; fileRef = 870A009C215ADA6600F7FF70 /* PostDetailTableViewController.swift */; };
		870A009F215ADABE00F7FF70 /* AddPostTableViewController.swift in Sources */ = {isa = PBXBuildFile; fileRef = 870A009E215ADABE00F7FF70 /* AddPostTableViewController.swift */; };
		870A00A3215ADBBE00F7FF70 /* Post.swift in Sources */ = {isa = PBXBuildFile; fileRef = 870A00A2215ADBBE00F7FF70 /* Post.swift */; };
		870A00A5215ADD7F00F7FF70 /* Comment.swift in Sources */ = {isa = PBXBuildFile; fileRef = 870A00A4215ADD7F00F7FF70 /* Comment.swift */; };
		870A00A7215ADE4A00F7FF70 /* PostController.swift in Sources */ = {isa = PBXBuildFile; fileRef = 870A00A6215ADE4A00F7FF70 /* PostController.swift */; };
		870A00AA215AE96A00F7FF70 /* PostTableViewCell.swift in Sources */ = {isa = PBXBuildFile; fileRef = 870A00A9215AE96A00F7FF70 /* PostTableViewCell.swift */; };
		872CE250215C2278001B7B4E /* SearchableRecord.swift in Sources */ = {isa = PBXBuildFile; fileRef = 872CE24F215C2278001B7B4E /* SearchableRecord.swift */; };
		872CE252215C49C6001B7B4E /* PhotoSelectViewController.swift in Sources */ = {isa = PBXBuildFile; fileRef = 872CE251215C49C6001B7B4E /* PhotoSelectViewController.swift */; };
		872CE256215C8503001B7B4E /* UIViewController+Alerts.swift in Sources */ = {isa = PBXBuildFile; fileRef = 872CE255215C8503001B7B4E /* UIViewController+Alerts.swift */; };
/* End PBXBuildFile section */

/* Begin PBXFileReference section */
		870A007F215AD5D700F7FF70 /* Continuum.app */ = {isa = PBXFileReference; explicitFileType = wrapper.application; includeInIndex = 0; path = Continuum.app; sourceTree = BUILT_PRODUCTS_DIR; };
		870A0082215AD5D700F7FF70 /* AppDelegate.swift */ = {isa = PBXFileReference; lastKnownFileType = sourcecode.swift; path = AppDelegate.swift; sourceTree = "<group>"; };
		870A0087215AD5D700F7FF70 /* Base */ = {isa = PBXFileReference; lastKnownFileType = file.storyboard; name = Base; path = Base.lproj/Main.storyboard; sourceTree = "<group>"; };
		870A0089215AD5D800F7FF70 /* Assets.xcassets */ = {isa = PBXFileReference; lastKnownFileType = folder.assetcatalog; path = Assets.xcassets; sourceTree = "<group>"; };
		870A008C215AD5D800F7FF70 /* Base */ = {isa = PBXFileReference; lastKnownFileType = file.storyboard; name = Base; path = Base.lproj/LaunchScreen.storyboard; sourceTree = "<group>"; };
		870A008E215AD5D800F7FF70 /* Info.plist */ = {isa = PBXFileReference; lastKnownFileType = text.plist.xml; path = Info.plist; sourceTree = "<group>"; };
		870A0094215AD5E900F7FF70 /* Continuum.entitlements */ = {isa = PBXFileReference; lastKnownFileType = text.plist.entitlements; path = Continuum.entitlements; sourceTree = "<group>"; };
		870A0096215AD5EB00F7FF70 /* CloudKit.framework */ = {isa = PBXFileReference; lastKnownFileType = wrapper.framework; name = CloudKit.framework; path = System/Library/Frameworks/CloudKit.framework; sourceTree = SDKROOT; };
		870A009A215ADA2D00F7FF70 /* PostListTableViewController.swift */ = {isa = PBXFileReference; lastKnownFileType = sourcecode.swift; path = PostListTableViewController.swift; sourceTree = "<group>"; };
		870A009C215ADA6600F7FF70 /* PostDetailTableViewController.swift */ = {isa = PBXFileReference; lastKnownFileType = sourcecode.swift; path = PostDetailTableViewController.swift; sourceTree = "<group>"; };
		870A009E215ADABE00F7FF70 /* AddPostTableViewController.swift */ = {isa = PBXFileReference; lastKnownFileType = sourcecode.swift; path = AddPostTableViewController.swift; sourceTree = "<group>"; };
		870A00A2215ADBBE00F7FF70 /* Post.swift */ = {isa = PBXFileReference; lastKnownFileType = sourcecode.swift; path = Post.swift; sourceTree = "<group>"; };
		870A00A4215ADD7F00F7FF70 /* Comment.swift */ = {isa = PBXFileReference; lastKnownFileType = sourcecode.swift; path = Comment.swift; sourceTree = "<group>"; };
		870A00A6215ADE4A00F7FF70 /* PostController.swift */ = {isa = PBXFileReference; lastKnownFileType = sourcecode.swift; path = PostController.swift; sourceTree = "<group>"; };
		870A00A9215AE96A00F7FF70 /* PostTableViewCell.swift */ = {isa = PBXFileReference; lastKnownFileType = sourcecode.swift; path = PostTableViewCell.swift; sourceTree = "<group>"; };
		872CE24F215C2278001B7B4E /* SearchableRecord.swift */ = {isa = PBXFileReference; lastKnownFileType = sourcecode.swift; path = SearchableRecord.swift; sourceTree = "<group>"; };
		872CE251215C49C6001B7B4E /* PhotoSelectViewController.swift */ = {isa = PBXFileReference; lastKnownFileType = sourcecode.swift; path = PhotoSelectViewController.swift; sourceTree = "<group>"; };
		872CE255215C8503001B7B4E /* UIViewController+Alerts.swift */ = {isa = PBXFileReference; lastKnownFileType = sourcecode.swift; path = "UIViewController+Alerts.swift"; sourceTree = "<group>"; };
/* End PBXFileReference section */

/* Begin PBXFrameworksBuildPhase section */
		870A007C215AD5D700F7FF70 /* Frameworks */ = {
			isa = PBXFrameworksBuildPhase;
			buildActionMask = 2147483647;
			files = (
				870A0097215AD5EB00F7FF70 /* CloudKit.framework in Frameworks */,
			);
			runOnlyForDeploymentPostprocessing = 0;
		};
/* End PBXFrameworksBuildPhase section */

/* Begin PBXGroup section */
		870A0076215AD5D700F7FF70 = {
			isa = PBXGroup;
			children = (
				870A0081215AD5D700F7FF70 /* Continuum */,
				870A0080215AD5D700F7FF70 /* Products */,
				870A0095215AD5EB00F7FF70 /* Frameworks */,
			);
			sourceTree = "<group>";
		};
		870A0080215AD5D700F7FF70 /* Products */ = {
			isa = PBXGroup;
			children = (
				870A007F215AD5D700F7FF70 /* Continuum.app */,
			);
			name = Products;
			sourceTree = "<group>";
		};
		870A0081215AD5D700F7FF70 /* Continuum */ = {
			isa = PBXGroup;
			children = (
				870A0094215AD5E900F7FF70 /* Continuum.entitlements */,
				870A00A0215ADB9A00F7FF70 /* Model */,
				870A00A1215ADBAA00F7FF70 /* Model Controller */,
				870A0099215ADA1800F7FF70 /* View Controller */,
				870A00A8215AE94D00F7FF70 /* View */,
				870A0098215AD6FA00F7FF70 /* Resources */,
			);
			path = Continuum;
			sourceTree = "<group>";
		};
		870A0095215AD5EB00F7FF70 /* Frameworks */ = {
			isa = PBXGroup;
			children = (
				870A0096215AD5EB00F7FF70 /* CloudKit.framework */,
			);
			name = Frameworks;
			sourceTree = "<group>";
		};
		870A0098215AD6FA00F7FF70 /* Resources */ = {
			isa = PBXGroup;
			children = (
				870A0082215AD5D700F7FF70 /* AppDelegate.swift */,
				870A0086215AD5D700F7FF70 /* Main.storyboard */,
				870A0089215AD5D800F7FF70 /* Assets.xcassets */,
				870A008B215AD5D800F7FF70 /* LaunchScreen.storyboard */,
				870A008E215AD5D800F7FF70 /* Info.plist */,
			);
			path = Resources;
			sourceTree = "<group>";
		};
		870A0099215ADA1800F7FF70 /* View Controller */ = {
			isa = PBXGroup;
			children = (
				870A009A215ADA2D00F7FF70 /* PostListTableViewController.swift */,
				870A009C215ADA6600F7FF70 /* PostDetailTableViewController.swift */,
				870A009E215ADABE00F7FF70 /* AddPostTableViewController.swift */,
				872CE251215C49C6001B7B4E /* PhotoSelectViewController.swift */,
				872CE255215C8503001B7B4E /* UIViewController+Alerts.swift */,
			);
			path = "View Controller";
			sourceTree = "<group>";
		};
		870A00A0215ADB9A00F7FF70 /* Model */ = {
			isa = PBXGroup;
			children = (
				870A00A2215ADBBE00F7FF70 /* Post.swift */,
				870A00A4215ADD7F00F7FF70 /* Comment.swift */,
				872CE24F215C2278001B7B4E /* SearchableRecord.swift */,
			);
			path = Model;
			sourceTree = "<group>";
		};
		870A00A1215ADBAA00F7FF70 /* Model Controller */ = {
			isa = PBXGroup;
			children = (
				870A00A6215ADE4A00F7FF70 /* PostController.swift */,
			);
			path = "Model Controller";
			sourceTree = "<group>";
		};
		870A00A8215AE94D00F7FF70 /* View */ = {
			isa = PBXGroup;
			children = (
				870A00A9215AE96A00F7FF70 /* PostTableViewCell.swift */,
			);
			path = View;
			sourceTree = "<group>";
		};
/* End PBXGroup section */

/* Begin PBXNativeTarget section */
		870A007E215AD5D700F7FF70 /* Continuum */ = {
			isa = PBXNativeTarget;
			buildConfigurationList = 870A0091215AD5D800F7FF70 /* Build configuration list for PBXNativeTarget "Continuum" */;
			buildPhases = (
				870A007B215AD5D700F7FF70 /* Sources */,
				870A007C215AD5D700F7FF70 /* Frameworks */,
				870A007D215AD5D700F7FF70 /* Resources */,
			);
			buildRules = (
			);
			dependencies = (
			);
			name = Continuum;
			productName = Continuum;
			productReference = 870A007F215AD5D700F7FF70 /* Continuum.app */;
			productType = "com.apple.product-type.application";
		};
/* End PBXNativeTarget section */

/* Begin PBXProject section */
		870A0077215AD5D700F7FF70 /* Project object */ = {
			isa = PBXProject;
			attributes = {
				LastSwiftUpdateCheck = 1000;
				LastUpgradeCheck = 1000;
				ORGANIZATIONNAME = "John Tate";
				TargetAttributes = {
					870A007E215AD5D700F7FF70 = {
						CreatedOnToolsVersion = 10.0;
						SystemCapabilities = {
							com.apple.BackgroundModes = {
								enabled = 1;
							};
							com.apple.Push = {
								enabled = 1;
							};
							com.apple.iCloud = {
								enabled = 1;
							};
						};
					};
				};
			};
			buildConfigurationList = 870A007A215AD5D700F7FF70 /* Build configuration list for PBXProject "Continuum" */;
			compatibilityVersion = "Xcode 9.3";
			developmentRegion = en;
			hasScannedForEncodings = 0;
			knownRegions = (
				en,
				Base,
			);
			mainGroup = 870A0076215AD5D700F7FF70;
			productRefGroup = 870A0080215AD5D700F7FF70 /* Products */;
			projectDirPath = "";
			projectRoot = "";
			targets = (
				870A007E215AD5D700F7FF70 /* Continuum */,
			);
		};
/* End PBXProject section */

/* Begin PBXResourcesBuildPhase section */
		870A007D215AD5D700F7FF70 /* Resources */ = {
			isa = PBXResourcesBuildPhase;
			buildActionMask = 2147483647;
			files = (
				870A008D215AD5D800F7FF70 /* LaunchScreen.storyboard in Resources */,
				870A008A215AD5D800F7FF70 /* Assets.xcassets in Resources */,
				870A0088215AD5D700F7FF70 /* Main.storyboard in Resources */,
			);
			runOnlyForDeploymentPostprocessing = 0;
		};
/* End PBXResourcesBuildPhase section */

/* Begin PBXSourcesBuildPhase section */
		870A007B215AD5D700F7FF70 /* Sources */ = {
			isa = PBXSourcesBuildPhase;
			buildActionMask = 2147483647;
			files = (
				870A0083215AD5D700F7FF70 /* AppDelegate.swift in Sources */,
				872CE256215C8503001B7B4E /* UIViewController+Alerts.swift in Sources */,
				870A00A5215ADD7F00F7FF70 /* Comment.swift in Sources */,
				872CE250215C2278001B7B4E /* SearchableRecord.swift in Sources */,
				870A00A7215ADE4A00F7FF70 /* PostController.swift in Sources */,
				870A00AA215AE96A00F7FF70 /* PostTableViewCell.swift in Sources */,
				870A009B215ADA2D00F7FF70 /* PostListTableViewController.swift in Sources */,
				870A009F215ADABE00F7FF70 /* AddPostTableViewController.swift in Sources */,
				872CE252215C49C6001B7B4E /* PhotoSelectViewController.swift in Sources */,
				870A009D215ADA6600F7FF70 /* PostDetailTableViewController.swift in Sources */,
				870A00A3215ADBBE00F7FF70 /* Post.swift in Sources */,
			);
			runOnlyForDeploymentPostprocessing = 0;
		};
/* End PBXSourcesBuildPhase section */

/* Begin PBXVariantGroup section */
		870A0086215AD5D700F7FF70 /* Main.storyboard */ = {
			isa = PBXVariantGroup;
			children = (
				870A0087215AD5D700F7FF70 /* Base */,
			);
			name = Main.storyboard;
			sourceTree = "<group>";
		};
		870A008B215AD5D800F7FF70 /* LaunchScreen.storyboard */ = {
			isa = PBXVariantGroup;
			children = (
				870A008C215AD5D800F7FF70 /* Base */,
			);
			name = LaunchScreen.storyboard;
			sourceTree = "<group>";
		};
/* End PBXVariantGroup section */

/* Begin XCBuildConfiguration section */
		870A008F215AD5D800F7FF70 /* Debug */ = {
			isa = XCBuildConfiguration;
			buildSettings = {
				ALWAYS_SEARCH_USER_PATHS = NO;
				CLANG_ANALYZER_NONNULL = YES;
				CLANG_ANALYZER_NUMBER_OBJECT_CONVERSION = YES_AGGRESSIVE;
				CLANG_CXX_LANGUAGE_STANDARD = "gnu++14";
				CLANG_CXX_LIBRARY = "libc++";
				CLANG_ENABLE_MODULES = YES;
				CLANG_ENABLE_OBJC_ARC = YES;
				CLANG_ENABLE_OBJC_WEAK = YES;
				CLANG_WARN_BLOCK_CAPTURE_AUTORELEASING = YES;
				CLANG_WARN_BOOL_CONVERSION = YES;
				CLANG_WARN_COMMA = YES;
				CLANG_WARN_CONSTANT_CONVERSION = YES;
				CLANG_WARN_DEPRECATED_OBJC_IMPLEMENTATIONS = YES;
				CLANG_WARN_DIRECT_OBJC_ISA_USAGE = YES_ERROR;
				CLANG_WARN_DOCUMENTATION_COMMENTS = YES;
				CLANG_WARN_EMPTY_BODY = YES;
				CLANG_WARN_ENUM_CONVERSION = YES;
				CLANG_WARN_INFINITE_RECURSION = YES;
				CLANG_WARN_INT_CONVERSION = YES;
				CLANG_WARN_NON_LITERAL_NULL_CONVERSION = YES;
				CLANG_WARN_OBJC_IMPLICIT_RETAIN_SELF = YES;
				CLANG_WARN_OBJC_LITERAL_CONVERSION = YES;
				CLANG_WARN_OBJC_ROOT_CLASS = YES_ERROR;
				CLANG_WARN_RANGE_LOOP_ANALYSIS = YES;
				CLANG_WARN_STRICT_PROTOTYPES = YES;
				CLANG_WARN_SUSPICIOUS_MOVE = YES;
				CLANG_WARN_UNGUARDED_AVAILABILITY = YES_AGGRESSIVE;
				CLANG_WARN_UNREACHABLE_CODE = YES;
				CLANG_WARN__DUPLICATE_METHOD_MATCH = YES;
				CODE_SIGN_IDENTITY = "iPhone Developer";
				COPY_PHASE_STRIP = NO;
				DEBUG_INFORMATION_FORMAT = dwarf;
				ENABLE_STRICT_OBJC_MSGSEND = YES;
				ENABLE_TESTABILITY = YES;
				GCC_C_LANGUAGE_STANDARD = gnu11;
				GCC_DYNAMIC_NO_PIC = NO;
				GCC_NO_COMMON_BLOCKS = YES;
				GCC_OPTIMIZATION_LEVEL = 0;
				GCC_PREPROCESSOR_DEFINITIONS = (
					"DEBUG=1",
					"$(inherited)",
				);
				GCC_WARN_64_TO_32_BIT_CONVERSION = YES;
				GCC_WARN_ABOUT_RETURN_TYPE = YES_ERROR;
				GCC_WARN_UNDECLARED_SELECTOR = YES;
				GCC_WARN_UNINITIALIZED_AUTOS = YES_AGGRESSIVE;
				GCC_WARN_UNUSED_FUNCTION = YES;
				GCC_WARN_UNUSED_VARIABLE = YES;
				IPHONEOS_DEPLOYMENT_TARGET = 12.0;
				MTL_ENABLE_DEBUG_INFO = INCLUDE_SOURCE;
				MTL_FAST_MATH = YES;
				ONLY_ACTIVE_ARCH = YES;
				SDKROOT = iphoneos;
				SWIFT_ACTIVE_COMPILATION_CONDITIONS = DEBUG;
				SWIFT_OPTIMIZATION_LEVEL = "-Onone";
			};
			name = Debug;
		};
		870A0090215AD5D800F7FF70 /* Release */ = {
			isa = XCBuildConfiguration;
			buildSettings = {
				ALWAYS_SEARCH_USER_PATHS = NO;
				CLANG_ANALYZER_NONNULL = YES;
				CLANG_ANALYZER_NUMBER_OBJECT_CONVERSION = YES_AGGRESSIVE;
				CLANG_CXX_LANGUAGE_STANDARD = "gnu++14";
				CLANG_CXX_LIBRARY = "libc++";
				CLANG_ENABLE_MODULES = YES;
				CLANG_ENABLE_OBJC_ARC = YES;
				CLANG_ENABLE_OBJC_WEAK = YES;
				CLANG_WARN_BLOCK_CAPTURE_AUTORELEASING = YES;
				CLANG_WARN_BOOL_CONVERSION = YES;
				CLANG_WARN_COMMA = YES;
				CLANG_WARN_CONSTANT_CONVERSION = YES;
				CLANG_WARN_DEPRECATED_OBJC_IMPLEMENTATIONS = YES;
				CLANG_WARN_DIRECT_OBJC_ISA_USAGE = YES_ERROR;
				CLANG_WARN_DOCUMENTATION_COMMENTS = YES;
				CLANG_WARN_EMPTY_BODY = YES;
				CLANG_WARN_ENUM_CONVERSION = YES;
				CLANG_WARN_INFINITE_RECURSION = YES;
				CLANG_WARN_INT_CONVERSION = YES;
				CLANG_WARN_NON_LITERAL_NULL_CONVERSION = YES;
				CLANG_WARN_OBJC_IMPLICIT_RETAIN_SELF = YES;
				CLANG_WARN_OBJC_LITERAL_CONVERSION = YES;
				CLANG_WARN_OBJC_ROOT_CLASS = YES_ERROR;
				CLANG_WARN_RANGE_LOOP_ANALYSIS = YES;
				CLANG_WARN_STRICT_PROTOTYPES = YES;
				CLANG_WARN_SUSPICIOUS_MOVE = YES;
				CLANG_WARN_UNGUARDED_AVAILABILITY = YES_AGGRESSIVE;
				CLANG_WARN_UNREACHABLE_CODE = YES;
				CLANG_WARN__DUPLICATE_METHOD_MATCH = YES;
				CODE_SIGN_IDENTITY = "iPhone Developer";
				COPY_PHASE_STRIP = NO;
				DEBUG_INFORMATION_FORMAT = "dwarf-with-dsym";
				ENABLE_NS_ASSERTIONS = NO;
				ENABLE_STRICT_OBJC_MSGSEND = YES;
				GCC_C_LANGUAGE_STANDARD = gnu11;
				GCC_NO_COMMON_BLOCKS = YES;
				GCC_WARN_64_TO_32_BIT_CONVERSION = YES;
				GCC_WARN_ABOUT_RETURN_TYPE = YES_ERROR;
				GCC_WARN_UNDECLARED_SELECTOR = YES;
				GCC_WARN_UNINITIALIZED_AUTOS = YES_AGGRESSIVE;
				GCC_WARN_UNUSED_FUNCTION = YES;
				GCC_WARN_UNUSED_VARIABLE = YES;
				IPHONEOS_DEPLOYMENT_TARGET = 12.0;
				MTL_ENABLE_DEBUG_INFO = NO;
				MTL_FAST_MATH = YES;
				SDKROOT = iphoneos;
				SWIFT_COMPILATION_MODE = wholemodule;
				SWIFT_OPTIMIZATION_LEVEL = "-O";
				VALIDATE_PRODUCT = YES;
			};
			name = Release;
		};
		870A0092215AD5D800F7FF70 /* Debug */ = {
			isa = XCBuildConfiguration;
			buildSettings = {
				ASSETCATALOG_COMPILER_APPICON_NAME = AppIcon;
				CODE_SIGN_ENTITLEMENTS = Continuum/Continuum.entitlements;
				CODE_SIGN_STYLE = Automatic;
				DEVELOPMENT_TEAM = 74SYWHWN72;
				INFOPLIST_FILE = "$(SRCROOT)/Continuum/Resources/Info.plist";
				LD_RUNPATH_SEARCH_PATHS = (
					"$(inherited)",
					"@executable_path/Frameworks",
				);
				PRODUCT_BUNDLE_IDENTIFIER = com.johnTate.Continuum;
				PRODUCT_NAME = "$(TARGET_NAME)";
				SWIFT_VERSION = 4.2;
				TARGETED_DEVICE_FAMILY = "1,2";
			};
			name = Debug;
		};
		870A0093215AD5D800F7FF70 /* Release */ = {
			isa = XCBuildConfiguration;
			buildSettings = {
				ASSETCATALOG_COMPILER_APPICON_NAME = AppIcon;
				CODE_SIGN_ENTITLEMENTS = Continuum/Continuum.entitlements;
				CODE_SIGN_STYLE = Automatic;
				DEVELOPMENT_TEAM = 74SYWHWN72;
				INFOPLIST_FILE = "$(SRCROOT)/Continuum/Resources/Info.plist";
				LD_RUNPATH_SEARCH_PATHS = (
					"$(inherited)",
					"@executable_path/Frameworks",
				);
				PRODUCT_BUNDLE_IDENTIFIER = com.johnTate.Continuum;
				PRODUCT_NAME = "$(TARGET_NAME)";
				SWIFT_VERSION = 4.2;
				TARGETED_DEVICE_FAMILY = "1,2";
			};
			name = Release;
		};
/* End XCBuildConfiguration section */

/* Begin XCConfigurationList section */
		870A007A215AD5D700F7FF70 /* Build configuration list for PBXProject "Continuum" */ = {
			isa = XCConfigurationList;
			buildConfigurations = (
				870A008F215AD5D800F7FF70 /* Debug */,
				870A0090215AD5D800F7FF70 /* Release */,
			);
			defaultConfigurationIsVisible = 0;
			defaultConfigurationName = Release;
		};
		870A0091215AD5D800F7FF70 /* Build configuration list for PBXNativeTarget "Continuum" */ = {
			isa = XCConfigurationList;
			buildConfigurations = (
				870A0092215AD5D800F7FF70 /* Debug */,
				870A0093215AD5D800F7FF70 /* Release */,
			);
			defaultConfigurationIsVisible = 0;
			defaultConfigurationName = Release;
		};
/* End XCConfigurationList section */
	};
	rootObject = 870A0077215AD5D700F7FF70 /* Project object */;
}
